
Microsoft Visual Studio Solution File, Format Version 12.00
# Visual Studio Version 16
VisualStudioVersion = 16.0.30804.86
MinimumVisualStudioVersion = 10.0.40219.1
Project("{FAE04EC0-301F-11D3-BF4B-00C04F79EFBC}") = "appXamarinTest.Android", "appXamarinTest\appXamarinTest.Android\appXamarinTest.Android.csproj", "{15A335F9-286C-4119-90E9-12E9CC98690A}"
EndProject
Project("{FAE04EC0-301F-11D3-BF4B-00C04F79EFBC}") = "appXamarinTest", "appXamarinTest\appXamarinTest\appXamarinTest.csproj", "{FFDD6052-5B69-4E46-B2D2-33CD5AAE5491}"
EndProject
Global
	GlobalSection(SolutionConfigurationPlatforms) = preSolution
		Debug|Any CPU = Debug|Any CPU
		Release|Any CPU = Release|Any CPU
	EndGlobalSection
	GlobalSection(ProjectConfigurationPlatforms) = postSolution
		{15A335F9-286C-4119-90E9-12E9CC98690A}.Debug|Any CPU.ActiveCfg = Debug|Any CPU
		{15A335F9-286C-4119-90E9-12E9CC98690A}.Debug|Any CPU.Build.0 = Debug|Any CPU
		{15A335F9-286C-4119-90E9-12E9CC98690A}.Debug|Any CPU.Deploy.0 = Debug|Any CPU
		{15A335F9-286C-4119-90E9-12E9CC98690A}.Release|Any CPU.ActiveCfg = Release|Any CPU
		{15A335F9-286C-4119-90E9-12E9CC98690A}.Release|Any CPU.Build.0 = Release|Any CPU
		{15A335F9-286C-4119-90E9-12E9CC98690A}.Release|Any CPU.Deploy.0 = Release|Any CPU
		{FFDD6052-5B69-4E46-B2D2-33CD5AAE5491}.Debug|Any CPU.ActiveCfg = Debug|Any CPU
		{FFDD6052-5B69-4E46-B2D2-33CD5AAE5491}.Debug|Any CPU.Build.0 = Debug|Any CPU
		{FFDD6052-5B69-4E46-B2D2-33CD5AAE5491}.Debug|Any CPU.Deploy.0 = Debug|Any CPU
		{FFDD6052-5B69-4E46-B2D2-33CD5AAE5491}.Release|Any CPU.ActiveCfg = Release|Any CPU
		{FFDD6052-5B69-4E46-B2D2-33CD5AAE5491}.Release|Any CPU.Build.0 = Release|Any CPU
		{FFDD6052-5B69-4E46-B2D2-33CD5AAE5491}.Release|Any CPU.Deploy.0 = Release|Any CPU
	EndGlobalSection
	GlobalSection(SolutionProperties) = preSolution
		HideSolutionNode = FALSE
	EndGlobalSection
	GlobalSection(ExtensibilityGlobals) = postSolution
		SolutionGuid = {27A6ED08-9A4E-4F7B-84E7-2EF5E5E2F8A1}
	EndGlobalSection
EndGlobal
